
Microsoft Visual Studio Solution File, Format Version 12.00
# Visual Studio 14
VisualStudioVersion = 14.0.23107.0
MinimumVisualStudioVersion = 10.0.40219.1
Project("{E24C65DC-7377-472B-9ABA-BC803B73C61A}") = "frontend-nanodegree-arcade-game", ".", "{A0E136EA-DE10-4039-8827-A8B575733404}"
	ProjectSection(WebsiteProperties) = preProject
		TargetFrameworkMoniker = ".NETFramework,Version%3Dv4.0"
		Debug.AspNetCompiler.VirtualPath = "/localhost_51674"
		Debug.AspNetCompiler.PhysicalPath = "..\frontend-nanodegree-arcade-game\"
		Debug.AspNetCompiler.TargetPath = "PrecompiledWeb\localhost_51674\"
		Debug.AspNetCompiler.Updateable = "true"
		Debug.AspNetCompiler.ForceOverwrite = "true"
		Debug.AspNetCompiler.FixedNames = "false"
		Debug.AspNetCompiler.Debug = "True"
		Release.AspNetCompiler.VirtualPath = "/localhost_51674"
		Release.AspNetCompiler.PhysicalPath = "..\frontend-nanodegree-arcade-game\"
		Release.AspNetCompiler.TargetPath = "PrecompiledWeb\localhost_51674\"
		Release.AspNetCompiler.Updateable = "true"
		Release.AspNetCompiler.ForceOverwrite = "true"
		Release.AspNetCompiler.FixedNames = "false"
		Release.AspNetCompiler.Debug = "False"
		VWDPort = "51674"
		SlnRelativePath = "..\frontend-nanodegree-arcade-game\"
	EndProjectSection
EndProject
Global
	GlobalSection(SolutionConfigurationPlatforms) = preSolution
		Debug|Any CPU = Debug|Any CPU
	EndGlobalSection
	GlobalSection(ProjectConfigurationPlatforms) = postSolution
		{A0E136EA-DE10-4039-8827-A8B575733404}.Debug|Any CPU.ActiveCfg = Debug|Any CPU
		{A0E136EA-DE10-4039-8827-A8B575733404}.Debug|Any CPU.Build.0 = Debug|Any CPU
	EndGlobalSection
	GlobalSection(SolutionProperties) = preSolution
		HideSolutionNode = FALSE
	EndGlobalSection
EndGlobal
